
Microsoft Visual Studio Solution File, Format Version 12.00
# Visual Studio Version 17
VisualStudioVersion = 17.6.33723.286
MinimumVisualStudioVersion = 10.0.40219.1
Project("{9A19103F-16F7-4668-BE54-9A1E7A4F7556}") = "TestSendApiGatewayKaleido", "TestSendApiGatewayKaleido\TestSendApiGatewayKaleido.csproj", "{59A5DC90-2862-4E9F-A019-E8142A17DD6C}"
EndProject
Project("{9A19103F-16F7-4668-BE54-9A1E7A4F7556}") = "MyFunctionApp", "MyFunctionApp\MyFunctionApp.csproj", "{1DEA2E16-D21D-4BD8-A9AA-CFB99E51CD8D}"
EndProject
Global
	GlobalSection(SolutionConfigurationPlatforms) = preSolution
		Debug|Any CPU = Debug|Any CPU
		Release|Any CPU = Release|Any CPU
	EndGlobalSection
	GlobalSection(ProjectConfigurationPlatforms) = postSolution
		{59A5DC90-2862-4E9F-A019-E8142A17DD6C}.Debug|Any CPU.ActiveCfg = Debug|Any CPU
		{59A5DC90-2862-4E9F-A019-E8142A17DD6C}.Debug|Any CPU.Build.0 = Debug|Any CPU
		{59A5DC90-2862-4E9F-A019-E8142A17DD6C}.Release|Any CPU.ActiveCfg = Release|Any CPU
		{59A5DC90-2862-4E9F-A019-E8142A17DD6C}.Release|Any CPU.Build.0 = Release|Any CPU
		{1DEA2E16-D21D-4BD8-A9AA-CFB99E51CD8D}.Debug|Any CPU.ActiveCfg = Debug|Any CPU
		{1DEA2E16-D21D-4BD8-A9AA-CFB99E51CD8D}.Debug|Any CPU.Build.0 = Debug|Any CPU
		{1DEA2E16-D21D-4BD8-A9AA-CFB99E51CD8D}.Release|Any CPU.ActiveCfg = Release|Any CPU
		{1DEA2E16-D21D-4BD8-A9AA-CFB99E51CD8D}.Release|Any CPU.Build.0 = Release|Any CPU
	EndGlobalSection
	GlobalSection(SolutionProperties) = preSolution
		HideSolutionNode = FALSE
	EndGlobalSection
	GlobalSection(ExtensibilityGlobals) = postSolution
		SolutionGuid = {9F5FC593-553C-419F-AA87-4E117A6EB42D}
	EndGlobalSection
EndGlobal
